
Microsoft Visual Studio Solution File, Format Version 12.00
# Visual Studio 15
Project("{FAE04EC0-301F-11D3-BF4B-00C04F79EFBC}") = "Assembly-CSharp", "Assembly-CSharp.csproj", "{4BCAD3EB-FADC-34C7-290D-82467F3550B3}"
EndProject
Project("{FAE04EC0-301F-11D3-BF4B-00C04F79EFBC}") = "Assembly-CSharp-Editor", "Assembly-CSharp-Editor.csproj", "{71CD1F60-6B40-4881-4FAC-3D2FCB8D0EDF}"
EndProject
Global
	GlobalSection(SolutionConfigurationPlatforms) = preSolution
		Debug|Any CPU = Debug|Any CPU
		Release|Any CPU = Release|Any CPU
	EndGlobalSection
	GlobalSection(ProjectConfigurationPlatforms) = postSolution
		{4BCAD3EB-FADC-34C7-290D-82467F3550B3}.Debug|Any CPU.ActiveCfg = Debug|Any CPU
		{4BCAD3EB-FADC-34C7-290D-82467F3550B3}.Debug|Any CPU.Build.0 = Debug|Any CPU
		{4BCAD3EB-FADC-34C7-290D-82467F3550B3}.Release|Any CPU.ActiveCfg = Release|Any CPU
		{4BCAD3EB-FADC-34C7-290D-82467F3550B3}.Release|Any CPU.Build.0 = Release|Any CPU
		{71CD1F60-6B40-4881-4FAC-3D2FCB8D0EDF}.Debug|Any CPU.ActiveCfg = Debug|Any CPU
		{71CD1F60-6B40-4881-4FAC-3D2FCB8D0EDF}.Debug|Any CPU.Build.0 = Debug|Any CPU
		{71CD1F60-6B40-4881-4FAC-3D2FCB8D0EDF}.Release|Any CPU.ActiveCfg = Release|Any CPU
		{71CD1F60-6B40-4881-4FAC-3D2FCB8D0EDF}.Release|Any CPU.Build.0 = Release|Any CPU
	EndGlobalSection
	GlobalSection(SolutionProperties) = preSolution
		HideSolutionNode = FALSE
	EndGlobalSection
EndGlobal
